
Microsoft Visual Studio Solution File, Format Version 12.00
# Visual Studio Version 16
VisualStudioVersion = 16.0.30503.244
MinimumVisualStudioVersion = 10.0.40219.1
Project("{FAE04EC0-301F-11D3-BF4B-00C04F79EFBC}") = "WristMenu", "WristMenu.csproj", "{1B561EAA-31FE-4B95-97ED-ABD27C0FE523}"
EndProject
Global
	GlobalSection(SolutionConfigurationPlatforms) = preSolution
		Debug|Any CPU = Debug|Any CPU
		Release|Any CPU = Release|Any CPU
	EndGlobalSection
	GlobalSection(ProjectConfigurationPlatforms) = postSolution
		{1B561EAA-31FE-4B95-97ED-ABD27C0FE523}.Debug|Any CPU.ActiveCfg = Debug|Any CPU
		{1B561EAA-31FE-4B95-97ED-ABD27C0FE523}.Debug|Any CPU.Build.0 = Debug|Any CPU
		{1B561EAA-31FE-4B95-97ED-ABD27C0FE523}.Release|Any CPU.ActiveCfg = Release|Any CPU
		{1B561EAA-31FE-4B95-97ED-ABD27C0FE523}.Release|Any CPU.Build.0 = Release|Any CPU
	EndGlobalSection
	GlobalSection(SolutionProperties) = preSolution
		HideSolutionNode = FALSE
	EndGlobalSection
	GlobalSection(ExtensibilityGlobals) = postSolution
		SolutionGuid = {A6ECF8E4-8C07-4C88-9691-99CE930E4340}
	EndGlobalSection
EndGlobal
